
Microsoft Visual Studio Solution File, Format Version 12.00
# Visual Studio Version 16
VisualStudioVersion = 16.0.31911.196
MinimumVisualStudioVersion = 10.0.40219.1
Project("{FAE04EC0-301F-11D3-BF4B-00C04F79EFBC}") = "ModpackCreator", "ModpackCreator\ModpackCreator.csproj", "{B974A426-DDA1-4237-86AA-3830CD65E76C}"
EndProject
Project("{FAE04EC0-301F-11D3-BF4B-00C04F79EFBC}") = "ModpackInstaller", "ModpackInstaller\ModpackInstaller.csproj", "{BF1F0C9C-9564-49D7-8FF7-2FAE446FFF2F}"
EndProject
Global
	GlobalSection(SolutionConfigurationPlatforms) = preSolution
		Debug|Any CPU = Debug|Any CPU
		Release|Any CPU = Release|Any CPU
	EndGlobalSection
	GlobalSection(ProjectConfigurationPlatforms) = postSolution
		{B974A426-DDA1-4237-86AA-3830CD65E76C}.Debug|Any CPU.ActiveCfg = Debug|Any CPU
		{B974A426-DDA1-4237-86AA-3830CD65E76C}.Debug|Any CPU.Build.0 = Debug|Any CPU
		{B974A426-DDA1-4237-86AA-3830CD65E76C}.Release|Any CPU.ActiveCfg = Release|Any CPU
		{B974A426-DDA1-4237-86AA-3830CD65E76C}.Release|Any CPU.Build.0 = Release|Any CPU
		{BF1F0C9C-9564-49D7-8FF7-2FAE446FFF2F}.Debug|Any CPU.ActiveCfg = Debug|Any CPU
		{BF1F0C9C-9564-49D7-8FF7-2FAE446FFF2F}.Debug|Any CPU.Build.0 = Debug|Any CPU
		{BF1F0C9C-9564-49D7-8FF7-2FAE446FFF2F}.Release|Any CPU.ActiveCfg = Release|Any CPU
		{BF1F0C9C-9564-49D7-8FF7-2FAE446FFF2F}.Release|Any CPU.Build.0 = Release|Any CPU
	EndGlobalSection
	GlobalSection(SolutionProperties) = preSolution
		HideSolutionNode = FALSE
	EndGlobalSection
	GlobalSection(ExtensibilityGlobals) = postSolution
		SolutionGuid = {D0D1BD8B-35AD-4A4B-9D64-9DE3D357F76A}
	EndGlobalSection
EndGlobal
